
Microsoft Visual Studio Solution File, Format Version 12.00
# Visual Studio Version 16
VisualStudioVersion = 16.0.30523.141
MinimumVisualStudioVersion = 10.0.40219.1
Project("{FAE04EC0-301F-11D3-BF4B-00C04F79EFBC}") = "DangNhap", "DangNhap\DangNhap.csproj", "{2C3B099B-67EB-45A0-B03F-8F4A468DCEDB}"
EndProject
Global
	GlobalSection(SolutionConfigurationPlatforms) = preSolution
		Debug|Any CPU = Debug|Any CPU
		Release|Any CPU = Release|Any CPU
	EndGlobalSection
	GlobalSection(ProjectConfigurationPlatforms) = postSolution
		{2C3B099B-67EB-45A0-B03F-8F4A468DCEDB}.Debug|Any CPU.ActiveCfg = Debug|Any CPU
		{2C3B099B-67EB-45A0-B03F-8F4A468DCEDB}.Debug|Any CPU.Build.0 = Debug|Any CPU
		{2C3B099B-67EB-45A0-B03F-8F4A468DCEDB}.Release|Any CPU.ActiveCfg = Release|Any CPU
		{2C3B099B-67EB-45A0-B03F-8F4A468DCEDB}.Release|Any CPU.Build.0 = Release|Any CPU
	EndGlobalSection
	GlobalSection(SolutionProperties) = preSolution
		HideSolutionNode = FALSE
	EndGlobalSection
	GlobalSection(ExtensibilityGlobals) = postSolution
		SolutionGuid = {883BA885-2C21-4659-AA06-D787DDFEBC4E}
	EndGlobalSection
EndGlobal
